
Microsoft Visual Studio Solution File, Format Version 12.00
# Visual Studio 15
VisualStudioVersion = 15.0.28307.106
MinimumVisualStudioVersion = 10.0.40219.1
Project("{FAE04EC0-301F-11D3-BF4B-00C04F79EFBC}") = "Phoneword", "Phoneword\Phoneword.csproj", "{14476127-81E1-4B39-8949-1DA6F0BEF6F4}"
EndProject
Global
	GlobalSection(SolutionConfigurationPlatforms) = preSolution
		Debug|Any CPU = Debug|Any CPU
		Release|Any CPU = Release|Any CPU
	EndGlobalSection
	GlobalSection(ProjectConfigurationPlatforms) = postSolution
		{14476127-81E1-4B39-8949-1DA6F0BEF6F4}.Debug|Any CPU.ActiveCfg = Debug|Any CPU
		{14476127-81E1-4B39-8949-1DA6F0BEF6F4}.Debug|Any CPU.Build.0 = Debug|Any CPU
		{14476127-81E1-4B39-8949-1DA6F0BEF6F4}.Debug|Any CPU.Deploy.0 = Debug|Any CPU
		{14476127-81E1-4B39-8949-1DA6F0BEF6F4}.Release|Any CPU.ActiveCfg = Release|Any CPU
		{14476127-81E1-4B39-8949-1DA6F0BEF6F4}.Release|Any CPU.Build.0 = Release|Any CPU
		{14476127-81E1-4B39-8949-1DA6F0BEF6F4}.Release|Any CPU.Deploy.0 = Release|Any CPU
	EndGlobalSection
	GlobalSection(SolutionProperties) = preSolution
		HideSolutionNode = FALSE
	EndGlobalSection
	GlobalSection(ExtensibilityGlobals) = postSolution
		SolutionGuid = {39459292-E167-4260-980C-82BF3C9366CF}
	EndGlobalSection
EndGlobal
